
Microsoft Visual Studio Solution File, Format Version 12.00
# Visual Studio Version 16
VisualStudioVersion = 16.0.29911.84
MinimumVisualStudioVersion = 10.0.40219.1
Project("{FAE04EC0-301F-11D3-BF4B-00C04F79EFBC}") = "VariablesAndParameters", "VariablesAndParameters\VariablesAndParameters.csproj", "{C6841FAF-C4C0-4A73-8B32-C2CD62402ACA}"
EndProject
Global
	GlobalSection(SolutionConfigurationPlatforms) = preSolution
		Debug|Any CPU = Debug|Any CPU
		Release|Any CPU = Release|Any CPU
	EndGlobalSection
	GlobalSection(ProjectConfigurationPlatforms) = postSolution
		{C6841FAF-C4C0-4A73-8B32-C2CD62402ACA}.Debug|Any CPU.ActiveCfg = Debug|Any CPU
		{C6841FAF-C4C0-4A73-8B32-C2CD62402ACA}.Debug|Any CPU.Build.0 = Debug|Any CPU
		{C6841FAF-C4C0-4A73-8B32-C2CD62402ACA}.Release|Any CPU.ActiveCfg = Release|Any CPU
		{C6841FAF-C4C0-4A73-8B32-C2CD62402ACA}.Release|Any CPU.Build.0 = Release|Any CPU
	EndGlobalSection
	GlobalSection(SolutionProperties) = preSolution
		HideSolutionNode = FALSE
	EndGlobalSection
	GlobalSection(ExtensibilityGlobals) = postSolution
		SolutionGuid = {4C6ADD2A-EC7E-4FD9-B760-3A312C5C74B2}
	EndGlobalSection
EndGlobal
