
Microsoft Visual Studio Solution File, Format Version 12.00
# Visual Studio Version 16
VisualStudioVersion = 16.0.29609.76
MinimumVisualStudioVersion = 10.0.40219.1
Project("{FAE04EC0-301F-11D3-BF4B-00C04F79EFBC}") = "TypeBasicsBool", "TypeBasicsBool\TypeBasicsBool.csproj", "{1239AEAF-E98B-4E69-B7BA-F195E6EA8CEF}"
EndProject
Global
	GlobalSection(SolutionConfigurationPlatforms) = preSolution
		Debug|Any CPU = Debug|Any CPU
		Release|Any CPU = Release|Any CPU
	EndGlobalSection
	GlobalSection(ProjectConfigurationPlatforms) = postSolution
		{1239AEAF-E98B-4E69-B7BA-F195E6EA8CEF}.Debug|Any CPU.ActiveCfg = Debug|Any CPU
		{1239AEAF-E98B-4E69-B7BA-F195E6EA8CEF}.Debug|Any CPU.Build.0 = Debug|Any CPU
		{1239AEAF-E98B-4E69-B7BA-F195E6EA8CEF}.Release|Any CPU.ActiveCfg = Release|Any CPU
		{1239AEAF-E98B-4E69-B7BA-F195E6EA8CEF}.Release|Any CPU.Build.0 = Release|Any CPU
	EndGlobalSection
	GlobalSection(SolutionProperties) = preSolution
		HideSolutionNode = FALSE
	EndGlobalSection
	GlobalSection(ExtensibilityGlobals) = postSolution
		SolutionGuid = {35532C8F-7EC6-4207-A80C-13B7B2A0E20A}
	EndGlobalSection
EndGlobal
